
Microsoft Visual Studio Solution File, Format Version 12.00
# Visual Studio Version 17
VisualStudioVersion = 17.0.31903.59
MinimumVisualStudioVersion = 10.0.40219.1
Project("{FAE04EC0-301F-11D3-BF4B-00C04F79EFBC}") = "q1", "q1\q1.csproj", "{D85337AD-84BF-4293-88F0-B9CC6784C91B}"
EndProject
Project("{FAE04EC0-301F-11D3-BF4B-00C04F79EFBC}") = "q1.Tests", "q1.Tests\q1.Tests.csproj", "{A541C837-6638-40F5-B2CF-3682B2D311D1}"
EndProject
Global
	GlobalSection(SolutionConfigurationPlatforms) = preSolution
		Debug|Any CPU = Debug|Any CPU
		Release|Any CPU = Release|Any CPU
	EndGlobalSection
	GlobalSection(SolutionProperties) = preSolution
		HideSolutionNode = FALSE
	EndGlobalSection
	GlobalSection(ProjectConfigurationPlatforms) = postSolution
		{D85337AD-84BF-4293-88F0-B9CC6784C91B}.Debug|Any CPU.ActiveCfg = Debug|Any CPU
		{D85337AD-84BF-4293-88F0-B9CC6784C91B}.Debug|Any CPU.Build.0 = Debug|Any CPU
		{D85337AD-84BF-4293-88F0-B9CC6784C91B}.Release|Any CPU.ActiveCfg = Release|Any CPU
		{D85337AD-84BF-4293-88F0-B9CC6784C91B}.Release|Any CPU.Build.0 = Release|Any CPU
		{8A1D4D69-075F-4FDA-8EFE-C67353C9B1FD}.Debug|Any CPU.ActiveCfg = Debug|Any CPU
		{8A1D4D69-075F-4FDA-8EFE-C67353C9B1FD}.Debug|Any CPU.Build.0 = Debug|Any CPU
		{8A1D4D69-075F-4FDA-8EFE-C67353C9B1FD}.Release|Any CPU.ActiveCfg = Release|Any CPU
		{8A1D4D69-075F-4FDA-8EFE-C67353C9B1FD}.Release|Any CPU.Build.0 = Release|Any CPU
		{E4DEF6B5-B457-490E-88F3-55B75F6E0A4E}.Debug|Any CPU.ActiveCfg = Debug|Any CPU
		{E4DEF6B5-B457-490E-88F3-55B75F6E0A4E}.Debug|Any CPU.Build.0 = Debug|Any CPU
		{E4DEF6B5-B457-490E-88F3-55B75F6E0A4E}.Release|Any CPU.ActiveCfg = Release|Any CPU
		{E4DEF6B5-B457-490E-88F3-55B75F6E0A4E}.Release|Any CPU.Build.0 = Release|Any CPU
		{EBCCFE44-F4F9-4A8E-99B0-46B2327D2B5E}.Debug|Any CPU.ActiveCfg = Debug|Any CPU
		{EBCCFE44-F4F9-4A8E-99B0-46B2327D2B5E}.Debug|Any CPU.Build.0 = Debug|Any CPU
		{EBCCFE44-F4F9-4A8E-99B0-46B2327D2B5E}.Release|Any CPU.ActiveCfg = Release|Any CPU
		{EBCCFE44-F4F9-4A8E-99B0-46B2327D2B5E}.Release|Any CPU.Build.0 = Release|Any CPU
		{05F39843-9E19-4E9F-9350-BB555AC143F2}.Debug|Any CPU.ActiveCfg = Debug|Any CPU
		{05F39843-9E19-4E9F-9350-BB555AC143F2}.Debug|Any CPU.Build.0 = Debug|Any CPU
		{05F39843-9E19-4E9F-9350-BB555AC143F2}.Release|Any CPU.ActiveCfg = Release|Any CPU
		{05F39843-9E19-4E9F-9350-BB555AC143F2}.Release|Any CPU.Build.0 = Release|Any CPU
		{70381C8F-ED15-422D-B707-FACAB2299D1E}.Debug|Any CPU.ActiveCfg = Debug|Any CPU
		{70381C8F-ED15-422D-B707-FACAB2299D1E}.Debug|Any CPU.Build.0 = Debug|Any CPU
		{70381C8F-ED15-422D-B707-FACAB2299D1E}.Release|Any CPU.ActiveCfg = Release|Any CPU
		{70381C8F-ED15-422D-B707-FACAB2299D1E}.Release|Any CPU.Build.0 = Release|Any CPU
		{16C3F661-DEED-4C89-A40A-AE1C894A5008}.Debug|Any CPU.ActiveCfg = Debug|Any CPU
		{16C3F661-DEED-4C89-A40A-AE1C894A5008}.Debug|Any CPU.Build.0 = Debug|Any CPU
		{16C3F661-DEED-4C89-A40A-AE1C894A5008}.Release|Any CPU.ActiveCfg = Release|Any CPU
		{16C3F661-DEED-4C89-A40A-AE1C894A5008}.Release|Any CPU.Build.0 = Release|Any CPU
		{A541C837-6638-40F5-B2CF-3682B2D311D1}.Debug|Any CPU.ActiveCfg = Debug|Any CPU
		{A541C837-6638-40F5-B2CF-3682B2D311D1}.Debug|Any CPU.Build.0 = Debug|Any CPU
		{A541C837-6638-40F5-B2CF-3682B2D311D1}.Release|Any CPU.ActiveCfg = Release|Any CPU
		{A541C837-6638-40F5-B2CF-3682B2D311D1}.Release|Any CPU.Build.0 = Release|Any CPU
	EndGlobalSection
EndGlobal
